{
  "name": "@jonithan/ts-react-cli",
  "version": "1.0.1",
  "lockfileVersion": 1,
  "requires": true,
  "dependencies": {
    "commander": {
      "version": "6.0.0",
      "resolved": "https://registry.npm.taobao.org/commander/download/commander-6.0.0.tgz?cache=0&sync_timestamp=1595168160036&other_urls=https%3A%2F%2Fregistry.npm.taobao.org%2Fcommander%2Fdownload%2Fcommander-6.0.0.tgz",
      "integrity": "sha1-KycNqU+PuQFEVTEvgpoRKdv4iH4="
    },
    "mkdirp": {
      "version": "1.0.4",
      "resolved": "https://registry.npm.taobao.org/mkdirp/download/mkdirp-1.0.4.tgz?cache=0&sync_timestamp=1589682820707&other_urls=https%3A%2F%2Fregistry.npm.taobao.org%2Fmkdirp%2Fdownload%2Fmkdirp-1.0.4.tgz",
      "integrity": "sha1-PrXtYmInVteaXw4qIh3+utdcL34="
    }
  }
}
